
Microsoft Visual Studio Solution File, Format Version 12.00
# Visual Studio Version 16
VisualStudioVersion = 16.0.28803.202
MinimumVisualStudioVersion = 10.0.40219.1
Project("{FAE04EC0-301F-11D3-BF4B-00C04F79EFBC}") = "TestGit", "TestGit.csproj", "{C74895C5-A1B4-40A0-AB62-E663813F5B1B}"
EndProject
Global
	GlobalSection(SolutionConfigurationPlatforms) = preSolution
		Debug|Any CPU = Debug|Any CPU
		Release|Any CPU = Release|Any CPU
	EndGlobalSection
	GlobalSection(ProjectConfigurationPlatforms) = postSolution
		{C74895C5-A1B4-40A0-AB62-E663813F5B1B}.Debug|Any CPU.ActiveCfg = Debug|Any CPU
		{C74895C5-A1B4-40A0-AB62-E663813F5B1B}.Debug|Any CPU.Build.0 = Debug|Any CPU
		{C74895C5-A1B4-40A0-AB62-E663813F5B1B}.Release|Any CPU.ActiveCfg = Release|Any CPU
		{C74895C5-A1B4-40A0-AB62-E663813F5B1B}.Release|Any CPU.Build.0 = Release|Any CPU
	EndGlobalSection
	GlobalSection(SolutionProperties) = preSolution
		HideSolutionNode = FALSE
	EndGlobalSection
	GlobalSection(ExtensibilityGlobals) = postSolution
		SolutionGuid = {FF59CA29-F0E8-4D8D-9F3E-71495D402AA9}
	EndGlobalSection
EndGlobal
